
Microsoft Visual Studio Solution File, Format Version 12.00
# Visual Studio Version 16
VisualStudioVersion = 16.0.31729.503
MinimumVisualStudioVersion = 10.0.40219.1
Project("{FAE04EC0-301F-11D3-BF4B-00C04F79EFBC}") = "Tutorial ASPdotnet core web app", "Tutorial ASPdotnet core web app\Tutorial ASPdotnet core web app.csproj", "{376017BE-E009-4B70-BA76-127AC9DE667A}"
EndProject
Global
	GlobalSection(SolutionConfigurationPlatforms) = preSolution
		Debug|Any CPU = Debug|Any CPU
		Release|Any CPU = Release|Any CPU
	EndGlobalSection
	GlobalSection(ProjectConfigurationPlatforms) = postSolution
		{376017BE-E009-4B70-BA76-127AC9DE667A}.Debug|Any CPU.ActiveCfg = Debug|Any CPU
		{376017BE-E009-4B70-BA76-127AC9DE667A}.Debug|Any CPU.Build.0 = Debug|Any CPU
		{376017BE-E009-4B70-BA76-127AC9DE667A}.Release|Any CPU.ActiveCfg = Release|Any CPU
		{376017BE-E009-4B70-BA76-127AC9DE667A}.Release|Any CPU.Build.0 = Release|Any CPU
	EndGlobalSection
	GlobalSection(SolutionProperties) = preSolution
		HideSolutionNode = FALSE
	EndGlobalSection
	GlobalSection(ExtensibilityGlobals) = postSolution
		SolutionGuid = {734BED97-34B2-4E55-B068-BC635859453F}
	EndGlobalSection
EndGlobal
